// !$*UTF8*$!
{
	archiveVersion = 1;
	classes = {
	};
	objectVersion = 46;
	objects = {

/* Begin PBXBuildFile section */
		4B1B8DBA1DCE984500D3C0DE /* Complex.cpp in Sources */ = {isa = PBXBuildFile; fileRef = 4B1B8DB81DCE984500D3C0DE /* Complex.cpp */; };
		4B60259C1DCBF1D0003B775F /* Circle.cpp in Sources */ = {isa = PBXBuildFile; fileRef = 4B60259A1DCBF1D0003B775F /* Circle.cpp */; };
		4BE822781DCABEA700CCF645 /* main.cpp in Sources */ = {isa = PBXBuildFile; fileRef = 4BE822771DCABEA700CCF645 /* main.cpp */; };
/* End PBXBuildFile section */

/* Begin PBXCopyFilesBuildPhase section */
		4BE822721DCABEA600CCF645 /* CopyFiles */ = {
			isa = PBXCopyFilesBuildPhase;
			buildActionMask = 2147483647;
			dstPath = /usr/share/man/man1/;
			dstSubfolderSpec = 0;
			files = (
			);
			runOnlyForDeploymentPostprocessing = 1;
		};
/* End PBXCopyFilesBuildPhase section */

/* Begin PBXFileReference section */
		4B1B8DB81DCE984500D3C0DE /* Complex.cpp */ = {isa = PBXFileReference; fileEncoding = 4; lastKnownFileType = sourcecode.cpp.cpp; path = Complex.cpp; sourceTree = "<group>"; };
		4B1B8DB91DCE984500D3C0DE /* Complex.hpp */ = {isa = PBXFileReference; fileEncoding = 4; lastKnownFileType = sourcecode.cpp.h; path = Complex.hpp; sourceTree = "<group>"; };
		4B60259A1DCBF1D0003B775F /* Circle.cpp */ = {isa = PBXFileReference; fileEncoding = 4; lastKnownFileType = sourcecode.cpp.cpp; path = Circle.cpp; sourceTree = "<group>"; };
		4B60259B1DCBF1D0003B775F /* Circle.hpp */ = {isa = PBXFileReference; fileEncoding = 4; lastKnownFileType = sourcecode.cpp.h; path = Circle.hpp; sourceTree = "<group>"; };
		4BE822741DCABEA600CCF645 /* HW06 */ = {isa = PBXFileReference; explicitFileType = "compiled.mach-o.executable"; includeInIndex = 0; path = HW06; sourceTree = BUILT_PRODUCTS_DIR; };
		4BE822771DCABEA700CCF645 /* main.cpp */ = {isa = PBXFileReference; lastKnownFileType = sourcecode.cpp.cpp; path = main.cpp; sourceTree = "<group>"; };
/* End PBXFileReference section */

/* Begin PBXFrameworksBuildPhase section */
		4BE822711DCABEA600CCF645 /* Frameworks */ = {
			isa = PBXFrameworksBuildPhase;
			buildActionMask = 2147483647;
			files = (
			);
			runOnlyForDeploymentPostprocessing = 0;
		};
/* End PBXFrameworksBuildPhase section */

/* Begin PBXGroup section */
		4BE8226B1DCABEA600CCF645 = {
			isa = PBXGroup;
			children = (
				4BE822761DCABEA600CCF645 /* HW06 */,
				4BE822751DCABEA600CCF645 /* Products */,
			);
			sourceTree = "<group>";
		};
		4BE822751DCABEA600CCF645 /* Products */ = {
			isa = PBXGroup;
			children = (
				4BE822741DCABEA600CCF645 /* HW06 */,
			);
			name = Products;
			sourceTree = "<group>";
		};
		4BE822761DCABEA600CCF645 /* HW06 */ = {
			isa = PBXGroup;
			children = (
				4BE822771DCABEA700CCF645 /* main.cpp */,
				4B60259A1DCBF1D0003B775F /* Circle.cpp */,
				4B60259B1DCBF1D0003B775F /* Circle.hpp */,
				4B1B8DB81DCE984500D3C0DE /* Complex.cpp */,
				4B1B8DB91DCE984500D3C0DE /* Complex.hpp */,
			);
			path = HW06;
			sourceTree = "<group>";
		};
/* End PBXGroup section */

/* Begin PBXNativeTarget section */
		4BE822731DCABEA600CCF645 /* HW06 */ = {
			isa = PBXNativeTarget;
			buildConfigurationList = 4BE8227B1DCABEA700CCF645 /* Build configuration list for PBXNativeTarget "HW06" */;
			buildPhases = (
				4BE822701DCABEA600CCF645 /* Sources */,
				4BE822711DCABEA600CCF645 /* Frameworks */,
				4BE822721DCABEA600CCF645 /* CopyFiles */,
			);
			buildRules = (
			);
			dependencies = (
			);
			name = HW06;
			productName = HW06;
			productReference = 4BE822741DCABEA600CCF645 /* HW06 */;
			productType = "com.apple.product-type.tool";
		};
/* End PBXNativeTarget section */

/* Begin PBXProject section */
		4BE8226C1DCABEA600CCF645 /* Project object */ = {
			isa = PBXProject;
			attributes = {
				LastUpgradeCheck = 0810;
				ORGANIZATIONNAME = "Steven Mumford";
				TargetAttributes = {
					4BE822731DCABEA600CCF645 = {
						CreatedOnToolsVersion = 8.1;
						ProvisioningStyle = Automatic;
					};
				};
			};
			buildConfigurationList = 4BE8226F1DCABEA600CCF645 /* Build configuration list for PBXProject "HW06" */;
			compatibilityVersion = "Xcode 3.2";
			developmentRegion = English;
			hasScannedForEncodings = 0;
			knownRegions = (
				en,
			);
			mainGroup = 4BE8226B1DCABEA600CCF645;
			productRefGroup = 4BE822751DCABEA600CCF645 /* Products */;
			projectDirPath = "";
			projectRoot = "";
			targets = (
				4BE822731DCABEA600CCF645 /* HW06 */,
			);
		};
/* End PBXProject section */

/* Begin PBXSourcesBuildPhase section */
		4BE822701DCABEA600CCF645 /* Sources */ = {
			isa = PBXSourcesBuildPhase;
			buildActionMask = 2147483647;
			files = (
				4B1B8DBA1DCE984500D3C0DE /* Complex.cpp in Sources */,
				4BE822781DCABEA700CCF645 /* main.cpp in Sources */,
				4B60259C1DCBF1D0003B775F /* Circle.cpp in Sources */,
			);
			runOnlyForDeploymentPostprocessing = 0;
		};
/* End PBXSourcesBuildPhase section */

/* Begin XCBuildConfiguration section */
		4BE822791DCABEA700CCF645 /* Debug */ = {
			isa = XCBuildConfiguration;
			buildSettings = {
				ALWAYS_SEARCH_USER_PATHS = NO;
				CLANG_ANALYZER_NONNULL = YES;
				CLANG_CXX_LANGUAGE_STANDARD = "gnu++0x";
				CLANG_CXX_LIBRARY = "libc++";
				CLANG_ENABLE_MODULES = YES;
				CLANG_ENABLE_OBJC_ARC = YES;
				CLANG_WARN_BOOL_CONVERSION = YES;
				CLANG_WARN_CONSTANT_CONVERSION = YES;
				CLANG_WARN_DIRECT_OBJC_ISA_USAGE = YES_ERROR;
				CLANG_WARN_DOCUMENTATION_COMMENTS = YES;
				CLANG_WARN_EMPTY_BODY = YES;
				CLANG_WARN_ENUM_CONVERSION = YES;
				CLANG_WARN_INFINITE_RECURSION = YES;
				CLANG_WARN_INT_CONVERSION = YES;
				CLANG_WARN_OBJC_ROOT_CLASS = YES_ERROR;
				CLANG_WARN_SUSPICIOUS_MOVES = YES;
				CLANG_WARN_UNREACHABLE_CODE = YES;
				CLANG_WARN__DUPLICATE_METHOD_MATCH = YES;
				CODE_SIGN_IDENTITY = "-";
				COPY_PHASE_STRIP = NO;
				DEBUG_INFORMATION_FORMAT = dwarf;
				ENABLE_STRICT_OBJC_MSGSEND = YES;
				ENABLE_TESTABILITY = YES;
				GCC_C_LANGUAGE_STANDARD = gnu99;
				GCC_DYNAMIC_NO_PIC = NO;
				GCC_NO_COMMON_BLOCKS = YES;
				GCC_OPTIMIZATION_LEVEL = 0;
				GCC_PREPROCESSOR_DEFINITIONS = (
					"DEBUG=1",
					"$(inherited)",
				);
				GCC_WARN_64_TO_32_BIT_CONVERSION = YES;
				GCC_WARN_ABOUT_RETURN_TYPE = YES_ERROR;
				GCC_WARN_UNDECLARED_SELECTOR = YES;
				GCC_WARN_UNINITIALIZED_AUTOS = YES_AGGRESSIVE;
				GCC_WARN_UNUSED_FUNCTION = YES;
				GCC_WARN_UNUSED_VARIABLE = YES;
				MACOSX_DEPLOYMENT_TARGET = 10.12;
				MTL_ENABLE_DEBUG_INFO = YES;
				ONLY_ACTIVE_ARCH = YES;
				SDKROOT = macosx;
			};
			name = Debug;
		};
		4BE8227A1DCABEA700CCF645 /* Release */ = {
			isa = XCBuildConfiguration;
			buildSettings = {
				ALWAYS_SEARCH_USER_PATHS = NO;
				CLANG_ANALYZER_NONNULL = YES;
				CLANG_CXX_LANGUAGE_STANDARD = "gnu++0x";
				CLANG_CXX_LIBRARY = "libc++";
				CLANG_ENABLE_MODULES = YES;
				CLANG_ENABLE_OBJC_ARC = YES;
				CLANG_WARN_BOOL_CONVERSION = YES;
				CLANG_WARN_CONSTANT_CONVERSION = YES;
				CLANG_WARN_DIRECT_OBJC_ISA_USAGE = YES_ERROR;
				CLANG_WARN_DOCUMENTATION_COMMENTS = YES;
				CLANG_WARN_EMPTY_BODY = YES;
				CLANG_WARN_ENUM_CONVERSION = YES;
				CLANG_WARN_INFINITE_RECURSION = YES;
				CLANG_WARN_INT_CONVERSION = YES;
				CLANG_WARN_OBJC_ROOT_CLASS = YES_ERROR;
				CLANG_WARN_SUSPICIOUS_MOVES = YES;
				CLANG_WARN_UNREACHABLE_CODE = YES;
				CLANG_WARN__DUPLICATE_METHOD_MATCH = YES;
				CODE_SIGN_IDENTITY = "-";
				COPY_PHASE_STRIP = NO;
				DEBUG_INFORMATION_FORMAT = "dwarf-with-dsym";
				ENABLE_NS_ASSERTIONS = NO;
				ENABLE_STRICT_OBJC_MSGSEND = YES;
				GCC_C_LANGUAGE_STANDARD = gnu99;
				GCC_NO_COMMON_BLOCKS = YES;
				GCC_WARN_64_TO_32_BIT_CONVERSION = YES;
				GCC_WARN_ABOUT_RETURN_TYPE = YES_ERROR;
				GCC_WARN_UNDECLARED_SELECTOR = YES;
				GCC_WARN_UNINITIALIZED_AUTOS = YES_AGGRESSIVE;
				GCC_WARN_UNUSED_FUNCTION = YES;
				GCC_WARN_UNUSED_VARIABLE = YES;
				MACOSX_DEPLOYMENT_TARGET = 10.12;
				MTL_ENABLE_DEBUG_INFO = NO;
				SDKROOT = macosx;
			};
			name = Release;
		};
		4BE8227C1DCABEA700CCF645 /* Debug */ = {
			isa = XCBuildConfiguration;
			buildSettings = {
				PRODUCT_NAME = "$(TARGET_NAME)";
			};
			name = Debug;
		};
		4BE8227D1DCABEA700CCF645 /* Release */ = {
			isa = XCBuildConfiguration;
			buildSettings = {
				PRODUCT_NAME = "$(TARGET_NAME)";
			};
			name = Release;
		};
/* End XCBuildConfiguration section */

/* Begin XCConfigurationList section */
		4BE8226F1DCABEA600CCF645 /* Build configuration list for PBXProject "HW06" */ = {
			isa = XCConfigurationList;
			buildConfigurations = (
				4BE822791DCABEA700CCF645 /* Debug */,
				4BE8227A1DCABEA700CCF645 /* Release */,
			);
			defaultConfigurationIsVisible = 0;
			defaultConfigurationName = Release;
		};
		4BE8227B1DCABEA700CCF645 /* Build configuration list for PBXNativeTarget "HW06" */ = {
			isa = XCConfigurationList;
			buildConfigurations = (
				4BE8227C1DCABEA700CCF645 /* Debug */,
				4BE8227D1DCABEA700CCF645 /* Release */,
			);
			defaultConfigurationIsVisible = 0;
			defaultConfigurationName = Release;
		};
/* End XCConfigurationList section */
	};
	rootObject = 4BE8226C1DCABEA600CCF645 /* Project object */;
}
